
Microsoft Visual Studio Solution File, Format Version 12.00
# Visual Studio Version 17
VisualStudioVersion = 17.12.35707.178
MinimumVisualStudioVersion = 10.0.40219.1
Project("{FAE04EC0-301F-11D3-BF4B-00C04F79EFBC}") = "eCommerce.SharedLibrary", "eCommerce.SharedLibrary\eCommerce.SharedLibrary.csproj", "{6E29FD76-F670-45DD-85AC-A73E899F76A9}"
EndProject
Project("{2150E333-8FDC-42A3-9474-1A3956D46DE8}") = "Solution Items", "Solution Items", "{EF42718F-2C5D-4C85-AB67-3089C0DC6C16}"
	ProjectSection(SolutionItems) = preProject
		README.md = README.md
	EndProjectSection
EndProject
Project("{FAE04EC0-301F-11D3-BF4B-00C04F79EFBC}") = "eCommerce.ProductApi.Application", "eCommerce.ProductApi.Application\eCommerce.ProductApi.Application.csproj", "{E02633CD-AB44-4BF0-928B-6BC376A8577B}"
EndProject
Project("{FAE04EC0-301F-11D3-BF4B-00C04F79EFBC}") = "eCommerce.ProductApi.Domain", "eCommerce.ProductApi.Domain\eCommerce.ProductApi.Domain.csproj", "{79395027-B069-425F-9DE2-9B9F4E543FE5}"
EndProject
Project("{FAE04EC0-301F-11D3-BF4B-00C04F79EFBC}") = "eCommerce.ProductApi.Infrastructure", "eCommerce.ProductApi.Infrastructure\eCommerce.ProductApi.Infrastructure.csproj", "{A0856E25-72C4-4559-A980-75B4ABDEAE51}"
EndProject
Project("{FAE04EC0-301F-11D3-BF4B-00C04F79EFBC}") = "eCommerce.ProductApi.Communication", "eCommerce.ProductApi.Communication\eCommerce.ProductApi.Communication.csproj", "{A3968598-489A-4378-9D89-33F72186E1D2}"
EndProject
Project("{FAE04EC0-301F-11D3-BF4B-00C04F79EFBC}") = "eCommerce.ProductApi", "eCommerce.ProductApi\eCommerce.ProductApi.csproj", "{B1BC6E8E-1ACE-483D-8BCE-1033E3338C51}"
EndProject
Project("{FAE04EC0-301F-11D3-BF4B-00C04F79EFBC}") = "eCommerce.OrderApi", "eCommerce.OrderApi\eCommerce.OrderApi.csproj", "{7D53645A-5419-4407-BE0A-23360DDD3AF1}"
EndProject
Project("{FAE04EC0-301F-11D3-BF4B-00C04F79EFBC}") = "eCommerce.OrderApi.Infrastructure", "eCommerce.OrderApi.Infrastructure\eCommerce.OrderApi.Infrastructure.csproj", "{012C86C2-7143-45B6-A08E-9341AA2D6DB7}"
EndProject
Project("{FAE04EC0-301F-11D3-BF4B-00C04F79EFBC}") = "eCommerce.OrderApi.Domain", "eCommerce.OrderApi.Domain\eCommerce.OrderApi.Domain.csproj", "{FD40314D-3231-4928-9ADC-CD7869C35F1A}"
EndProject
Project("{FAE04EC0-301F-11D3-BF4B-00C04F79EFBC}") = "eCommerce.OrderApi.Application", "eCommerce.OrderApi.Application\eCommerce.OrderApi.Application.csproj", "{05B8B105-565E-4393-85AF-93F35CBD3DE4}"
EndProject
Project("{FAE04EC0-301F-11D3-BF4B-00C04F79EFBC}") = "eCommerce.OrderApi.Communication", "eCommerce.OrderApi.Communication\eCommerce.OrderApi.Communication.csproj", "{9F892E0B-711A-48BA-8842-D9155914E53A}"
EndProject
Global
	GlobalSection(SolutionConfigurationPlatforms) = preSolution
		Debug|Any CPU = Debug|Any CPU
		Release|Any CPU = Release|Any CPU
	EndGlobalSection
	GlobalSection(ProjectConfigurationPlatforms) = postSolution
		{6E29FD76-F670-45DD-85AC-A73E899F76A9}.Debug|Any CPU.ActiveCfg = Debug|Any CPU
		{6E29FD76-F670-45DD-85AC-A73E899F76A9}.Debug|Any CPU.Build.0 = Debug|Any CPU
		{6E29FD76-F670-45DD-85AC-A73E899F76A9}.Release|Any CPU.ActiveCfg = Release|Any CPU
		{6E29FD76-F670-45DD-85AC-A73E899F76A9}.Release|Any CPU.Build.0 = Release|Any CPU
		{E02633CD-AB44-4BF0-928B-6BC376A8577B}.Debug|Any CPU.ActiveCfg = Debug|Any CPU
		{E02633CD-AB44-4BF0-928B-6BC376A8577B}.Debug|Any CPU.Build.0 = Debug|Any CPU
		{E02633CD-AB44-4BF0-928B-6BC376A8577B}.Release|Any CPU.ActiveCfg = Release|Any CPU
		{E02633CD-AB44-4BF0-928B-6BC376A8577B}.Release|Any CPU.Build.0 = Release|Any CPU
		{79395027-B069-425F-9DE2-9B9F4E543FE5}.Debug|Any CPU.ActiveCfg = Debug|Any CPU
		{79395027-B069-425F-9DE2-9B9F4E543FE5}.Debug|Any CPU.Build.0 = Debug|Any CPU
		{79395027-B069-425F-9DE2-9B9F4E543FE5}.Release|Any CPU.ActiveCfg = Release|Any CPU
		{79395027-B069-425F-9DE2-9B9F4E543FE5}.Release|Any CPU.Build.0 = Release|Any CPU
		{A0856E25-72C4-4559-A980-75B4ABDEAE51}.Debug|Any CPU.ActiveCfg = Debug|Any CPU
		{A0856E25-72C4-4559-A980-75B4ABDEAE51}.Debug|Any CPU.Build.0 = Debug|Any CPU
		{A0856E25-72C4-4559-A980-75B4ABDEAE51}.Release|Any CPU.ActiveCfg = Release|Any CPU
		{A0856E25-72C4-4559-A980-75B4ABDEAE51}.Release|Any CPU.Build.0 = Release|Any CPU
		{A3968598-489A-4378-9D89-33F72186E1D2}.Debug|Any CPU.ActiveCfg = Debug|Any CPU
		{A3968598-489A-4378-9D89-33F72186E1D2}.Debug|Any CPU.Build.0 = Debug|Any CPU
		{A3968598-489A-4378-9D89-33F72186E1D2}.Release|Any CPU.ActiveCfg = Release|Any CPU
		{A3968598-489A-4378-9D89-33F72186E1D2}.Release|Any CPU.Build.0 = Release|Any CPU
		{B1BC6E8E-1ACE-483D-8BCE-1033E3338C51}.Debug|Any CPU.ActiveCfg = Debug|Any CPU
		{B1BC6E8E-1ACE-483D-8BCE-1033E3338C51}.Debug|Any CPU.Build.0 = Debug|Any CPU
		{B1BC6E8E-1ACE-483D-8BCE-1033E3338C51}.Release|Any CPU.ActiveCfg = Release|Any CPU
		{B1BC6E8E-1ACE-483D-8BCE-1033E3338C51}.Release|Any CPU.Build.0 = Release|Any CPU
		{7D53645A-5419-4407-BE0A-23360DDD3AF1}.Debug|Any CPU.ActiveCfg = Debug|Any CPU
		{7D53645A-5419-4407-BE0A-23360DDD3AF1}.Debug|Any CPU.Build.0 = Debug|Any CPU
		{7D53645A-5419-4407-BE0A-23360DDD3AF1}.Release|Any CPU.ActiveCfg = Release|Any CPU
		{7D53645A-5419-4407-BE0A-23360DDD3AF1}.Release|Any CPU.Build.0 = Release|Any CPU
		{012C86C2-7143-45B6-A08E-9341AA2D6DB7}.Debug|Any CPU.ActiveCfg = Debug|Any CPU
		{012C86C2-7143-45B6-A08E-9341AA2D6DB7}.Debug|Any CPU.Build.0 = Debug|Any CPU
		{012C86C2-7143-45B6-A08E-9341AA2D6DB7}.Release|Any CPU.ActiveCfg = Release|Any CPU
		{012C86C2-7143-45B6-A08E-9341AA2D6DB7}.Release|Any CPU.Build.0 = Release|Any CPU
		{FD40314D-3231-4928-9ADC-CD7869C35F1A}.Debug|Any CPU.ActiveCfg = Debug|Any CPU
		{FD40314D-3231-4928-9ADC-CD7869C35F1A}.Debug|Any CPU.Build.0 = Debug|Any CPU
		{FD40314D-3231-4928-9ADC-CD7869C35F1A}.Release|Any CPU.ActiveCfg = Release|Any CPU
		{FD40314D-3231-4928-9ADC-CD7869C35F1A}.Release|Any CPU.Build.0 = Release|Any CPU
		{05B8B105-565E-4393-85AF-93F35CBD3DE4}.Debug|Any CPU.ActiveCfg = Debug|Any CPU
		{05B8B105-565E-4393-85AF-93F35CBD3DE4}.Debug|Any CPU.Build.0 = Debug|Any CPU
		{05B8B105-565E-4393-85AF-93F35CBD3DE4}.Release|Any CPU.ActiveCfg = Release|Any CPU
		{05B8B105-565E-4393-85AF-93F35CBD3DE4}.Release|Any CPU.Build.0 = Release|Any CPU
		{9F892E0B-711A-48BA-8842-D9155914E53A}.Debug|Any CPU.ActiveCfg = Debug|Any CPU
		{9F892E0B-711A-48BA-8842-D9155914E53A}.Debug|Any CPU.Build.0 = Debug|Any CPU
		{9F892E0B-711A-48BA-8842-D9155914E53A}.Release|Any CPU.ActiveCfg = Release|Any CPU
		{9F892E0B-711A-48BA-8842-D9155914E53A}.Release|Any CPU.Build.0 = Release|Any CPU
	EndGlobalSection
	GlobalSection(SolutionProperties) = preSolution
		HideSolutionNode = FALSE
	EndGlobalSection
EndGlobal
