
Microsoft Visual Studio Solution File, Format Version 12.00
# Visual Studio Version 17
VisualStudioVersion = 17.12.35707.178
MinimumVisualStudioVersion = 10.0.40219.1
Project("{FAE04EC0-301F-11D3-BF4B-00C04F79EFBC}") = "eCommerce.SharedLibrary", "eCommerce.SharedLibrary\eCommerce.SharedLibrary.csproj", "{6E29FD76-F670-45DD-85AC-A73E899F76A9}"
EndProject
Project("{2150E333-8FDC-42A3-9474-1A3956D46DE8}") = "Solution Items", "Solution Items", "{EF42718F-2C5D-4C85-AB67-3089C0DC6C16}"
	ProjectSection(SolutionItems) = preProject
		eCommerce.png = eCommerce.png
		README.md = README.md
	EndProjectSection
EndProject
Project("{FAE04EC0-301F-11D3-BF4B-00C04F79EFBC}") = "eCommerce.ProductApi", "eCommerce.ProductApi\eCommerce.ProductApi.csproj", "{4748CC96-37FA-4370-8B58-35E3D2A16117}"
EndProject
Project("{FAE04EC0-301F-11D3-BF4B-00C04F79EFBC}") = "eCommerce.OrderApi", "eCommerce.OrderApi\eCommerce.OrderApi.csproj", "{8F1022EB-1CE1-4F29-B2DF-4488FFB51489}"
EndProject
Project("{FAE04EC0-301F-11D3-BF4B-00C04F79EFBC}") = "eCommerce.AuthenticationApi", "eCommerce.AuthenticationApi\eCommerce.AuthenticationApi.csproj", "{AD60DE61-9A63-48C7-8F61-E5B2E750C450}"
EndProject
Project("{FAE04EC0-301F-11D3-BF4B-00C04F79EFBC}") = "eCommerce.ApiGateway", "eCommerce.ApiGateway\eCommerce.ApiGateway.csproj", "{3B69EC9C-2ED0-4D5B-86BB-34FA38CFE2FB}"
EndProject
Global
	GlobalSection(SolutionConfigurationPlatforms) = preSolution
		Debug|Any CPU = Debug|Any CPU
		Release|Any CPU = Release|Any CPU
	EndGlobalSection
	GlobalSection(ProjectConfigurationPlatforms) = postSolution
		{6E29FD76-F670-45DD-85AC-A73E899F76A9}.Debug|Any CPU.ActiveCfg = Debug|Any CPU
		{6E29FD76-F670-45DD-85AC-A73E899F76A9}.Debug|Any CPU.Build.0 = Debug|Any CPU
		{6E29FD76-F670-45DD-85AC-A73E899F76A9}.Release|Any CPU.ActiveCfg = Release|Any CPU
		{6E29FD76-F670-45DD-85AC-A73E899F76A9}.Release|Any CPU.Build.0 = Release|Any CPU
		{4748CC96-37FA-4370-8B58-35E3D2A16117}.Debug|Any CPU.ActiveCfg = Debug|Any CPU
		{4748CC96-37FA-4370-8B58-35E3D2A16117}.Debug|Any CPU.Build.0 = Debug|Any CPU
		{4748CC96-37FA-4370-8B58-35E3D2A16117}.Release|Any CPU.ActiveCfg = Release|Any CPU
		{4748CC96-37FA-4370-8B58-35E3D2A16117}.Release|Any CPU.Build.0 = Release|Any CPU
		{8F1022EB-1CE1-4F29-B2DF-4488FFB51489}.Debug|Any CPU.ActiveCfg = Debug|Any CPU
		{8F1022EB-1CE1-4F29-B2DF-4488FFB51489}.Debug|Any CPU.Build.0 = Debug|Any CPU
		{8F1022EB-1CE1-4F29-B2DF-4488FFB51489}.Release|Any CPU.ActiveCfg = Release|Any CPU
		{8F1022EB-1CE1-4F29-B2DF-4488FFB51489}.Release|Any CPU.Build.0 = Release|Any CPU
		{AD60DE61-9A63-48C7-8F61-E5B2E750C450}.Debug|Any CPU.ActiveCfg = Debug|Any CPU
		{AD60DE61-9A63-48C7-8F61-E5B2E750C450}.Debug|Any CPU.Build.0 = Debug|Any CPU
		{AD60DE61-9A63-48C7-8F61-E5B2E750C450}.Release|Any CPU.ActiveCfg = Release|Any CPU
		{AD60DE61-9A63-48C7-8F61-E5B2E750C450}.Release|Any CPU.Build.0 = Release|Any CPU
		{3B69EC9C-2ED0-4D5B-86BB-34FA38CFE2FB}.Debug|Any CPU.ActiveCfg = Debug|Any CPU
		{3B69EC9C-2ED0-4D5B-86BB-34FA38CFE2FB}.Debug|Any CPU.Build.0 = Debug|Any CPU
		{3B69EC9C-2ED0-4D5B-86BB-34FA38CFE2FB}.Release|Any CPU.ActiveCfg = Release|Any CPU
		{3B69EC9C-2ED0-4D5B-86BB-34FA38CFE2FB}.Release|Any CPU.Build.0 = Release|Any CPU
	EndGlobalSection
	GlobalSection(SolutionProperties) = preSolution
		HideSolutionNode = FALSE
	EndGlobalSection
EndGlobal
